// !$*UTF8*$!
{
	archiveVersion = 1;
	classes = {
	};
	objectVersion = 50;
	objects = {

/* Begin PBXBuildFile section */
		4036DB00265FA7BA009ACC89 /* AppDelegate.swift in Sources */ = {isa = PBXBuildFile; fileRef = 4036DAFF265FA7BA009ACC89 /* AppDelegate.swift */; };
		4036DB02265FA7BA009ACC89 /* SceneDelegate.swift in Sources */ = {isa = PBXBuildFile; fileRef = 4036DB01265FA7BA009ACC89 /* SceneDelegate.swift */; };
		4036DB04265FA7BA009ACC89 /* ViewController.swift in Sources */ = {isa = PBXBuildFile; fileRef = 4036DB03265FA7BA009ACC89 /* ViewController.swift */; };
		4036DB07265FA7BA009ACC89 /* Main.storyboard in Resources */ = {isa = PBXBuildFile; fileRef = 4036DB05265FA7BA009ACC89 /* Main.storyboard */; };
		4036DB09265FA7BC009ACC89 /* Assets.xcassets in Resources */ = {isa = PBXBuildFile; fileRef = 4036DB08265FA7BC009ACC89 /* Assets.xcassets */; };
		4036DB0C265FA7BC009ACC89 /* LaunchScreen.storyboard in Resources */ = {isa = PBXBuildFile; fileRef = 4036DB0A265FA7BC009ACC89 /* LaunchScreen.storyboard */; };
		4036DB17265FA7BC009ACC89 /* CIDemoTests.swift in Sources */ = {isa = PBXBuildFile; fileRef = 4036DB16265FA7BC009ACC89 /* CIDemoTests.swift */; };
		4036DB22265FA7BC009ACC89 /* CIDemoUITests.swift in Sources */ = {isa = PBXBuildFile; fileRef = 4036DB21265FA7BC009ACC89 /* CIDemoUITests.swift */; };
/* End PBXBuildFile section */

/* Begin PBXContainerItemProxy section */
		4036DB13265FA7BC009ACC89 /* PBXContainerItemProxy */ = {
			isa = PBXContainerItemProxy;
			containerPortal = 4036DAF4265FA7BA009ACC89 /* Project object */;
			proxyType = 1;
			remoteGlobalIDString = 4036DAFB265FA7BA009ACC89;
			remoteInfo = CIDemo;
		};
		4036DB1E265FA7BC009ACC89 /* PBXContainerItemProxy */ = {
			isa = PBXContainerItemProxy;
			containerPortal = 4036DAF4265FA7BA009ACC89 /* Project object */;
			proxyType = 1;
			remoteGlobalIDString = 4036DAFB265FA7BA009ACC89;
			remoteInfo = CIDemo;
		};
/* End PBXContainerItemProxy section */

/* Begin PBXFileReference section */
		4036DAFC265FA7BA009ACC89 /* CIDemo.app */ = {isa = PBXFileReference; explicitFileType = wrapper.application; includeInIndex = 0; path = CIDemo.app; sourceTree = BUILT_PRODUCTS_DIR; };
		4036DAFF265FA7BA009ACC89 /* AppDelegate.swift */ = {isa = PBXFileReference; lastKnownFileType = sourcecode.swift; path = AppDelegate.swift; sourceTree = "<group>"; };
		4036DB01265FA7BA009ACC89 /* SceneDelegate.swift */ = {isa = PBXFileReference; lastKnownFileType = sourcecode.swift; path = SceneDelegate.swift; sourceTree = "<group>"; };
		4036DB03265FA7BA009ACC89 /* ViewController.swift */ = {isa = PBXFileReference; lastKnownFileType = sourcecode.swift; path = ViewController.swift; sourceTree = "<group>"; };
		4036DB06265FA7BA009ACC89 /* Base */ = {isa = PBXFileReference; lastKnownFileType = file.storyboard; name = Base; path = Base.lproj/Main.storyboard; sourceTree = "<group>"; };
		4036DB08265FA7BC009ACC89 /* Assets.xcassets */ = {isa = PBXFileReference; lastKnownFileType = folder.assetcatalog; path = Assets.xcassets; sourceTree = "<group>"; };
		4036DB0B265FA7BC009ACC89 /* Base */ = {isa = PBXFileReference; lastKnownFileType = file.storyboard; name = Base; path = Base.lproj/LaunchScreen.storyboard; sourceTree = "<group>"; };
		4036DB0D265FA7BC009ACC89 /* Info.plist */ = {isa = PBXFileReference; lastKnownFileType = text.plist.xml; path = Info.plist; sourceTree = "<group>"; };
		4036DB12265FA7BC009ACC89 /* CIDemoTests.xctest */ = {isa = PBXFileReference; explicitFileType = wrapper.cfbundle; includeInIndex = 0; path = CIDemoTests.xctest; sourceTree = BUILT_PRODUCTS_DIR; };
		4036DB16265FA7BC009ACC89 /* CIDemoTests.swift */ = {isa = PBXFileReference; lastKnownFileType = sourcecode.swift; path = CIDemoTests.swift; sourceTree = "<group>"; };
		4036DB18265FA7BC009ACC89 /* Info.plist */ = {isa = PBXFileReference; lastKnownFileType = text.plist.xml; path = Info.plist; sourceTree = "<group>"; };
		4036DB1D265FA7BC009ACC89 /* CIDemoUITests.xctest */ = {isa = PBXFileReference; explicitFileType = wrapper.cfbundle; includeInIndex = 0; path = CIDemoUITests.xctest; sourceTree = BUILT_PRODUCTS_DIR; };
		4036DB21265FA7BC009ACC89 /* CIDemoUITests.swift */ = {isa = PBXFileReference; lastKnownFileType = sourcecode.swift; path = CIDemoUITests.swift; sourceTree = "<group>"; };
		4036DB23265FA7BC009ACC89 /* Info.plist */ = {isa = PBXFileReference; lastKnownFileType = text.plist.xml; path = Info.plist; sourceTree = "<group>"; };
/* End PBXFileReference section */

/* Begin PBXFrameworksBuildPhase section */
		4036DAF9265FA7BA009ACC89 /* Frameworks */ = {
			isa = PBXFrameworksBuildPhase;
			buildActionMask = 2147483647;
			files = (
			);
			runOnlyForDeploymentPostprocessing = 0;
		};
		4036DB0F265FA7BC009ACC89 /* Frameworks */ = {
			isa = PBXFrameworksBuildPhase;
			buildActionMask = 2147483647;
			files = (
			);
			runOnlyForDeploymentPostprocessing = 0;
		};
		4036DB1A265FA7BC009ACC89 /* Frameworks */ = {
			isa = PBXFrameworksBuildPhase;
			buildActionMask = 2147483647;
			files = (
			);
			runOnlyForDeploymentPostprocessing = 0;
		};
/* End PBXFrameworksBuildPhase section */

/* Begin PBXGroup section */
		4036DAF3265FA7BA009ACC89 = {
			isa = PBXGroup;
			children = (
				4036DAFE265FA7BA009ACC89 /* CIDemo */,
				4036DB15265FA7BC009ACC89 /* CIDemoTests */,
				4036DB20265FA7BC009ACC89 /* CIDemoUITests */,
				4036DAFD265FA7BA009ACC89 /* Products */,
			);
			sourceTree = "<group>";
		};
		4036DAFD265FA7BA009ACC89 /* Products */ = {
			isa = PBXGroup;
			children = (
				4036DAFC265FA7BA009ACC89 /* CIDemo.app */,
				4036DB12265FA7BC009ACC89 /* CIDemoTests.xctest */,
				4036DB1D265FA7BC009ACC89 /* CIDemoUITests.xctest */,
			);
			name = Products;
			sourceTree = "<group>";
		};
		4036DAFE265FA7BA009ACC89 /* CIDemo */ = {
			isa = PBXGroup;
			children = (
				4036DAFF265FA7BA009ACC89 /* AppDelegate.swift */,
				4036DB01265FA7BA009ACC89 /* SceneDelegate.swift */,
				4036DB03265FA7BA009ACC89 /* ViewController.swift */,
				4036DB05265FA7BA009ACC89 /* Main.storyboard */,
				4036DB08265FA7BC009ACC89 /* Assets.xcassets */,
				4036DB0A265FA7BC009ACC89 /* LaunchScreen.storyboard */,
				4036DB0D265FA7BC009ACC89 /* Info.plist */,
			);
			path = CIDemo;
			sourceTree = "<group>";
		};
		4036DB15265FA7BC009ACC89 /* CIDemoTests */ = {
			isa = PBXGroup;
			children = (
				4036DB16265FA7BC009ACC89 /* CIDemoTests.swift */,
				4036DB18265FA7BC009ACC89 /* Info.plist */,
			);
			path = CIDemoTests;
			sourceTree = "<group>";
		};
		4036DB20265FA7BC009ACC89 /* CIDemoUITests */ = {
			isa = PBXGroup;
			children = (
				4036DB21265FA7BC009ACC89 /* CIDemoUITests.swift */,
				4036DB23265FA7BC009ACC89 /* Info.plist */,
			);
			path = CIDemoUITests;
			sourceTree = "<group>";
		};
/* End PBXGroup section */

/* Begin PBXNativeTarget section */
		4036DAFB265FA7BA009ACC89 /* CIDemo */ = {
			isa = PBXNativeTarget;
			buildConfigurationList = 4036DB26265FA7BC009ACC89 /* Build configuration list for PBXNativeTarget "CIDemo" */;
			buildPhases = (
				4036DAF8265FA7BA009ACC89 /* Sources */,
				4036DAF9265FA7BA009ACC89 /* Frameworks */,
				4036DAFA265FA7BA009ACC89 /* Resources */,
			);
			buildRules = (
			);
			dependencies = (
			);
			name = CIDemo;
			productName = CIDemo;
			productReference = 4036DAFC265FA7BA009ACC89 /* CIDemo.app */;
			productType = "com.apple.product-type.application";
		};
		4036DB11265FA7BC009ACC89 /* CIDemoTests */ = {
			isa = PBXNativeTarget;
			buildConfigurationList = 4036DB29265FA7BC009ACC89 /* Build configuration list for PBXNativeTarget "CIDemoTests" */;
			buildPhases = (
				4036DB0E265FA7BC009ACC89 /* Sources */,
				4036DB0F265FA7BC009ACC89 /* Frameworks */,
				4036DB10265FA7BC009ACC89 /* Resources */,
			);
			buildRules = (
			);
			dependencies = (
				4036DB14265FA7BC009ACC89 /* PBXTargetDependency */,
			);
			name = CIDemoTests;
			productName = CIDemoTests;
			productReference = 4036DB12265FA7BC009ACC89 /* CIDemoTests.xctest */;
			productType = "com.apple.product-type.bundle.unit-test";
		};
		4036DB1C265FA7BC009ACC89 /* CIDemoUITests */ = {
			isa = PBXNativeTarget;
			buildConfigurationList = 4036DB2C265FA7BC009ACC89 /* Build configuration list for PBXNativeTarget "CIDemoUITests" */;
			buildPhases = (
				4036DB19265FA7BC009ACC89 /* Sources */,
				4036DB1A265FA7BC009ACC89 /* Frameworks */,
				4036DB1B265FA7BC009ACC89 /* Resources */,
			);
			buildRules = (
			);
			dependencies = (
				4036DB1F265FA7BC009ACC89 /* PBXTargetDependency */,
			);
			name = CIDemoUITests;
			productName = CIDemoUITests;
			productReference = 4036DB1D265FA7BC009ACC89 /* CIDemoUITests.xctest */;
			productType = "com.apple.product-type.bundle.ui-testing";
		};
/* End PBXNativeTarget section */

/* Begin PBXProject section */
		4036DAF4265FA7BA009ACC89 /* Project object */ = {
			isa = PBXProject;
			attributes = {
				LastSwiftUpdateCheck = 1240;
				LastUpgradeCheck = 1240;
				TargetAttributes = {
					4036DAFB265FA7BA009ACC89 = {
						CreatedOnToolsVersion = 12.4;
					};
					4036DB11265FA7BC009ACC89 = {
						CreatedOnToolsVersion = 12.4;
						TestTargetID = 4036DAFB265FA7BA009ACC89;
					};
					4036DB1C265FA7BC009ACC89 = {
						CreatedOnToolsVersion = 12.4;
						TestTargetID = 4036DAFB265FA7BA009ACC89;
					};
				};
			};
			buildConfigurationList = 4036DAF7265FA7BA009ACC89 /* Build configuration list for PBXProject "CIDemo" */;
			compatibilityVersion = "Xcode 9.3";
			developmentRegion = en;
			hasScannedForEncodings = 0;
			knownRegions = (
				en,
				Base,
			);
			mainGroup = 4036DAF3265FA7BA009ACC89;
			productRefGroup = 4036DAFD265FA7BA009ACC89 /* Products */;
			projectDirPath = "";
			projectRoot = "";
			targets = (
				4036DAFB265FA7BA009ACC89 /* CIDemo */,
				4036DB11265FA7BC009ACC89 /* CIDemoTests */,
				4036DB1C265FA7BC009ACC89 /* CIDemoUITests */,
			);
		};
/* End PBXProject section */

/* Begin PBXResourcesBuildPhase section */
		4036DAFA265FA7BA009ACC89 /* Resources */ = {
			isa = PBXResourcesBuildPhase;
			buildActionMask = 2147483647;
			files = (
				4036DB0C265FA7BC009ACC89 /* LaunchScreen.storyboard in Resources */,
				4036DB09265FA7BC009ACC89 /* Assets.xcassets in Resources */,
				4036DB07265FA7BA009ACC89 /* Main.storyboard in Resources */,
			);
			runOnlyForDeploymentPostprocessing = 0;
		};
		4036DB10265FA7BC009ACC89 /* Resources */ = {
			isa = PBXResourcesBuildPhase;
			buildActionMask = 2147483647;
			files = (
			);
			runOnlyForDeploymentPostprocessing = 0;
		};
		4036DB1B265FA7BC009ACC89 /* Resources */ = {
			isa = PBXResourcesBuildPhase;
			buildActionMask = 2147483647;
			files = (
			);
			runOnlyForDeploymentPostprocessing = 0;
		};
/* End PBXResourcesBuildPhase section */

/* Begin PBXSourcesBuildPhase section */
		4036DAF8265FA7BA009ACC89 /* Sources */ = {
			isa = PBXSourcesBuildPhase;
			buildActionMask = 2147483647;
			files = (
				4036DB04265FA7BA009ACC89 /* ViewController.swift in Sources */,
				4036DB00265FA7BA009ACC89 /* AppDelegate.swift in Sources */,
				4036DB02265FA7BA009ACC89 /* SceneDelegate.swift in Sources */,
			);
			runOnlyForDeploymentPostprocessing = 0;
		};
		4036DB0E265FA7BC009ACC89 /* Sources */ = {
			isa = PBXSourcesBuildPhase;
			buildActionMask = 2147483647;
			files = (
				4036DB17265FA7BC009ACC89 /* CIDemoTests.swift in Sources */,
			);
			runOnlyForDeploymentPostprocessing = 0;
		};
		4036DB19265FA7BC009ACC89 /* Sources */ = {
			isa = PBXSourcesBuildPhase;
			buildActionMask = 2147483647;
			files = (
				4036DB22265FA7BC009ACC89 /* CIDemoUITests.swift in Sources */,
			);
			runOnlyForDeploymentPostprocessing = 0;
		};
/* End PBXSourcesBuildPhase section */

/* Begin PBXTargetDependency section */
		4036DB14265FA7BC009ACC89 /* PBXTargetDependency */ = {
			isa = PBXTargetDependency;
			target = 4036DAFB265FA7BA009ACC89 /* CIDemo */;
			targetProxy = 4036DB13265FA7BC009ACC89 /* PBXContainerItemProxy */;
		};
		4036DB1F265FA7BC009ACC89 /* PBXTargetDependency */ = {
			isa = PBXTargetDependency;
			target = 4036DAFB265FA7BA009ACC89 /* CIDemo */;
			targetProxy = 4036DB1E265FA7BC009ACC89 /* PBXContainerItemProxy */;
		};
/* End PBXTargetDependency section */

/* Begin PBXVariantGroup section */
		4036DB05265FA7BA009ACC89 /* Main.storyboard */ = {
			isa = PBXVariantGroup;
			children = (
				4036DB06265FA7BA009ACC89 /* Base */,
			);
			name = Main.storyboard;
			sourceTree = "<group>";
		};
		4036DB0A265FA7BC009ACC89 /* LaunchScreen.storyboard */ = {
			isa = PBXVariantGroup;
			children = (
				4036DB0B265FA7BC009ACC89 /* Base */,
			);
			name = LaunchScreen.storyboard;
			sourceTree = "<group>";
		};
/* End PBXVariantGroup section */

/* Begin XCBuildConfiguration section */
		4036DB24265FA7BC009ACC89 /* Debug */ = {
			isa = XCBuildConfiguration;
			buildSettings = {
				ALWAYS_SEARCH_USER_PATHS = NO;
				CLANG_ANALYZER_NONNULL = YES;
				CLANG_ANALYZER_NUMBER_OBJECT_CONVERSION = YES_AGGRESSIVE;
				CLANG_CXX_LANGUAGE_STANDARD = "gnu++14";
				CLANG_CXX_LIBRARY = "libc++";
				CLANG_ENABLE_MODULES = YES;
				CLANG_ENABLE_OBJC_ARC = YES;
				CLANG_ENABLE_OBJC_WEAK = YES;
				CLANG_WARN_BLOCK_CAPTURE_AUTORELEASING = YES;
				CLANG_WARN_BOOL_CONVERSION = YES;
				CLANG_WARN_COMMA = YES;
				CLANG_WARN_CONSTANT_CONVERSION = YES;
				CLANG_WARN_DEPRECATED_OBJC_IMPLEMENTATIONS = YES;
				CLANG_WARN_DIRECT_OBJC_ISA_USAGE = YES_ERROR;
				CLANG_WARN_DOCUMENTATION_COMMENTS = YES;
				CLANG_WARN_EMPTY_BODY = YES;
				CLANG_WARN_ENUM_CONVERSION = YES;
				CLANG_WARN_INFINITE_RECURSION = YES;
				CLANG_WARN_INT_CONVERSION = YES;
				CLANG_WARN_NON_LITERAL_NULL_CONVERSION = YES;
				CLANG_WARN_OBJC_IMPLICIT_RETAIN_SELF = YES;
				CLANG_WARN_OBJC_LITERAL_CONVERSION = YES;
				CLANG_WARN_OBJC_ROOT_CLASS = YES_ERROR;
				CLANG_WARN_QUOTED_INCLUDE_IN_FRAMEWORK_HEADER = YES;
				CLANG_WARN_RANGE_LOOP_ANALYSIS = YES;
				CLANG_WARN_STRICT_PROTOTYPES = YES;
				CLANG_WARN_SUSPICIOUS_MOVE = YES;
				CLANG_WARN_UNGUARDED_AVAILABILITY = YES_AGGRESSIVE;
				CLANG_WARN_UNREACHABLE_CODE = YES;
				CLANG_WARN__DUPLICATE_METHOD_MATCH = YES;
				COPY_PHASE_STRIP = NO;
				DEBUG_INFORMATION_FORMAT = dwarf;
				ENABLE_STRICT_OBJC_MSGSEND = YES;
				ENABLE_TESTABILITY = YES;
				GCC_C_LANGUAGE_STANDARD = gnu11;
				GCC_DYNAMIC_NO_PIC = NO;
				GCC_NO_COMMON_BLOCKS = YES;
				GCC_OPTIMIZATION_LEVEL = 0;
				GCC_PREPROCESSOR_DEFINITIONS = (
					"DEBUG=1",
					"$(inherited)",
				);
				GCC_WARN_64_TO_32_BIT_CONVERSION = YES;
				GCC_WARN_ABOUT_RETURN_TYPE = YES_ERROR;
				GCC_WARN_UNDECLARED_SELECTOR = YES;
				GCC_WARN_UNINITIALIZED_AUTOS = YES_AGGRESSIVE;
				GCC_WARN_UNUSED_FUNCTION = YES;
				GCC_WARN_UNUSED_VARIABLE = YES;
				IPHONEOS_DEPLOYMENT_TARGET = 14.4;
				MTL_ENABLE_DEBUG_INFO = INCLUDE_SOURCE;
				MTL_FAST_MATH = YES;
				ONLY_ACTIVE_ARCH = YES;
				SDKROOT = iphoneos;
				SWIFT_ACTIVE_COMPILATION_CONDITIONS = DEBUG;
				SWIFT_OPTIMIZATION_LEVEL = "-Onone";
			};
			name = Debug;
		};
		4036DB25265FA7BC009ACC89 /* Release */ = {
			isa = XCBuildConfiguration;
			buildSettings = {
				ALWAYS_SEARCH_USER_PATHS = NO;
				CLANG_ANALYZER_NONNULL = YES;
				CLANG_ANALYZER_NUMBER_OBJECT_CONVERSION = YES_AGGRESSIVE;
				CLANG_CXX_LANGUAGE_STANDARD = "gnu++14";
				CLANG_CXX_LIBRARY = "libc++";
				CLANG_ENABLE_MODULES = YES;
				CLANG_ENABLE_OBJC_ARC = YES;
				CLANG_ENABLE_OBJC_WEAK = YES;
				CLANG_WARN_BLOCK_CAPTURE_AUTORELEASING = YES;
				CLANG_WARN_BOOL_CONVERSION = YES;
				CLANG_WARN_COMMA = YES;
				CLANG_WARN_CONSTANT_CONVERSION = YES;
				CLANG_WARN_DEPRECATED_OBJC_IMPLEMENTATIONS = YES;
				CLANG_WARN_DIRECT_OBJC_ISA_USAGE = YES_ERROR;
				CLANG_WARN_DOCUMENTATION_COMMENTS = YES;
				CLANG_WARN_EMPTY_BODY = YES;
				CLANG_WARN_ENUM_CONVERSION = YES;
				CLANG_WARN_INFINITE_RECURSION = YES;
				CLANG_WARN_INT_CONVERSION = YES;
				CLANG_WARN_NON_LITERAL_NULL_CONVERSION = YES;
				CLANG_WARN_OBJC_IMPLICIT_RETAIN_SELF = YES;
				CLANG_WARN_OBJC_LITERAL_CONVERSION = YES;
				CLANG_WARN_OBJC_ROOT_CLASS = YES_ERROR;
				CLANG_WARN_QUOTED_INCLUDE_IN_FRAMEWORK_HEADER = YES;
				CLANG_WARN_RANGE_LOOP_ANALYSIS = YES;
				CLANG_WARN_STRICT_PROTOTYPES = YES;
				CLANG_WARN_SUSPICIOUS_MOVE = YES;
				CLANG_WARN_UNGUARDED_AVAILABILITY = YES_AGGRESSIVE;
				CLANG_WARN_UNREACHABLE_CODE = YES;
				CLANG_WARN__DUPLICATE_METHOD_MATCH = YES;
				COPY_PHASE_STRIP = NO;
				DEBUG_INFORMATION_FORMAT = "dwarf-with-dsym";
				ENABLE_NS_ASSERTIONS = NO;
				ENABLE_STRICT_OBJC_MSGSEND = YES;
				GCC_C_LANGUAGE_STANDARD = gnu11;
				GCC_NO_COMMON_BLOCKS = YES;
				GCC_WARN_64_TO_32_BIT_CONVERSION = YES;
				GCC_WARN_ABOUT_RETURN_TYPE = YES_ERROR;
				GCC_WARN_UNDECLARED_SELECTOR = YES;
				GCC_WARN_UNINITIALIZED_AUTOS = YES_AGGRESSIVE;
				GCC_WARN_UNUSED_FUNCTION = YES;
				GCC_WARN_UNUSED_VARIABLE = YES;
				IPHONEOS_DEPLOYMENT_TARGET = 14.4;
				MTL_ENABLE_DEBUG_INFO = NO;
				MTL_FAST_MATH = YES;
				SDKROOT = iphoneos;
				SWIFT_COMPILATION_MODE = wholemodule;
				SWIFT_OPTIMIZATION_LEVEL = "-O";
				VALIDATE_PRODUCT = YES;
			};
			name = Release;
		};
		4036DB27265FA7BC009ACC89 /* Debug */ = {
			isa = XCBuildConfiguration;
			buildSettings = {
				ASSETCATALOG_COMPILER_APPICON_NAME = AppIcon;
				ASSETCATALOG_COMPILER_GLOBAL_ACCENT_COLOR_NAME = AccentColor;
				CODE_SIGN_STYLE = Automatic;
				DEVELOPMENT_TEAM = LVNGGU3QAY;
				INFOPLIST_FILE = CIDemo/Info.plist;
				LD_RUNPATH_SEARCH_PATHS = (
					"$(inherited)",
					"@executable_path/Frameworks",
				);
				PRODUCT_BUNDLE_IDENTIFIER = in.channelplay.CIDemo;
				PRODUCT_NAME = "$(TARGET_NAME)";
				SWIFT_VERSION = 5.0;
				TARGETED_DEVICE_FAMILY = "1,2";
			};
			name = Debug;
		};
		4036DB28265FA7BC009ACC89 /* Release */ = {
			isa = XCBuildConfiguration;
			buildSettings = {
				ASSETCATALOG_COMPILER_APPICON_NAME = AppIcon;
				ASSETCATALOG_COMPILER_GLOBAL_ACCENT_COLOR_NAME = AccentColor;
				CODE_SIGN_STYLE = Automatic;
				DEVELOPMENT_TEAM = LVNGGU3QAY;
				INFOPLIST_FILE = CIDemo/Info.plist;
				LD_RUNPATH_SEARCH_PATHS = (
					"$(inherited)",
					"@executable_path/Frameworks",
				);
				PRODUCT_BUNDLE_IDENTIFIER = in.channelplay.CIDemo;
				PRODUCT_NAME = "$(TARGET_NAME)";
				SWIFT_VERSION = 5.0;
				TARGETED_DEVICE_FAMILY = "1,2";
			};
			name = Release;
		};
		4036DB2A265FA7BC009ACC89 /* Debug */ = {
			isa = XCBuildConfiguration;
			buildSettings = {
				ALWAYS_EMBED_SWIFT_STANDARD_LIBRARIES = YES;
				BUNDLE_LOADER = "$(TEST_HOST)";
				CODE_SIGN_STYLE = Automatic;
				DEVELOPMENT_TEAM = LVNGGU3QAY;
				INFOPLIST_FILE = CIDemoTests/Info.plist;
				IPHONEOS_DEPLOYMENT_TARGET = 14.4;
				LD_RUNPATH_SEARCH_PATHS = (
					"$(inherited)",
					"@executable_path/Frameworks",
					"@loader_path/Frameworks",
				);
				PRODUCT_BUNDLE_IDENTIFIER = in.channelplay.CIDemoTests;
				PRODUCT_NAME = "$(TARGET_NAME)";
				SWIFT_VERSION = 5.0;
				TARGETED_DEVICE_FAMILY = "1,2";
				TEST_HOST = "$(BUILT_PRODUCTS_DIR)/CIDemo.app/CIDemo";
			};
			name = Debug;
		};
		4036DB2B265FA7BC009ACC89 /* Release */ = {
			isa = XCBuildConfiguration;
			buildSettings = {
				ALWAYS_EMBED_SWIFT_STANDARD_LIBRARIES = YES;
				BUNDLE_LOADER = "$(TEST_HOST)";
				CODE_SIGN_STYLE = Automatic;
				DEVELOPMENT_TEAM = LVNGGU3QAY;
				INFOPLIST_FILE = CIDemoTests/Info.plist;
				IPHONEOS_DEPLOYMENT_TARGET = 14.4;
				LD_RUNPATH_SEARCH_PATHS = (
					"$(inherited)",
					"@executable_path/Frameworks",
					"@loader_path/Frameworks",
				);
				PRODUCT_BUNDLE_IDENTIFIER = in.channelplay.CIDemoTests;
				PRODUCT_NAME = "$(TARGET_NAME)";
				SWIFT_VERSION = 5.0;
				TARGETED_DEVICE_FAMILY = "1,2";
				TEST_HOST = "$(BUILT_PRODUCTS_DIR)/CIDemo.app/CIDemo";
			};
			name = Release;
		};
		4036DB2D265FA7BC009ACC89 /* Debug */ = {
			isa = XCBuildConfiguration;
			buildSettings = {
				ALWAYS_EMBED_SWIFT_STANDARD_LIBRARIES = YES;
				CODE_SIGN_STYLE = Automatic;
				DEVELOPMENT_TEAM = LVNGGU3QAY;
				INFOPLIST_FILE = CIDemoUITests/Info.plist;
				LD_RUNPATH_SEARCH_PATHS = (
					"$(inherited)",
					"@executable_path/Frameworks",
					"@loader_path/Frameworks",
				);
				PRODUCT_BUNDLE_IDENTIFIER = in.channelplay.CIDemoUITests;
				PRODUCT_NAME = "$(TARGET_NAME)";
				SWIFT_VERSION = 5.0;
				TARGETED_DEVICE_FAMILY = "1,2";
				TEST_TARGET_NAME = CIDemo;
			};
			name = Debug;
		};
		4036DB2E265FA7BC009ACC89 /* Release */ = {
			isa = XCBuildConfiguration;
			buildSettings = {
				ALWAYS_EMBED_SWIFT_STANDARD_LIBRARIES = YES;
				CODE_SIGN_STYLE = Automatic;
				DEVELOPMENT_TEAM = LVNGGU3QAY;
				INFOPLIST_FILE = CIDemoUITests/Info.plist;
				LD_RUNPATH_SEARCH_PATHS = (
					"$(inherited)",
					"@executable_path/Frameworks",
					"@loader_path/Frameworks",
				);
				PRODUCT_BUNDLE_IDENTIFIER = in.channelplay.CIDemoUITests;
				PRODUCT_NAME = "$(TARGET_NAME)";
				SWIFT_VERSION = 5.0;
				TARGETED_DEVICE_FAMILY = "1,2";
				TEST_TARGET_NAME = CIDemo;
			};
			name = Release;
		};
/* End XCBuildConfiguration section */

/* Begin XCConfigurationList section */
		4036DAF7265FA7BA009ACC89 /* Build configuration list for PBXProject "CIDemo" */ = {
			isa = XCConfigurationList;
			buildConfigurations = (
				4036DB24265FA7BC009ACC89 /* Debug */,
				4036DB25265FA7BC009ACC89 /* Release */,
			);
			defaultConfigurationIsVisible = 0;
			defaultConfigurationName = Release;
		};
		4036DB26265FA7BC009ACC89 /* Build configuration list for PBXNativeTarget "CIDemo" */ = {
			isa = XCConfigurationList;
			buildConfigurations = (
				4036DB27265FA7BC009ACC89 /* Debug */,
				4036DB28265FA7BC009ACC89 /* Release */,
			);
			defaultConfigurationIsVisible = 0;
			defaultConfigurationName = Release;
		};
		4036DB29265FA7BC009ACC89 /* Build configuration list for PBXNativeTarget "CIDemoTests" */ = {
			isa = XCConfigurationList;
			buildConfigurations = (
				4036DB2A265FA7BC009ACC89 /* Debug */,
				4036DB2B265FA7BC009ACC89 /* Release */,
			);
			defaultConfigurationIsVisible = 0;
			defaultConfigurationName = Release;
		};
		4036DB2C265FA7BC009ACC89 /* Build configuration list for PBXNativeTarget "CIDemoUITests" */ = {
			isa = XCConfigurationList;
			buildConfigurations = (
				4036DB2D265FA7BC009ACC89 /* Debug */,
				4036DB2E265FA7BC009ACC89 /* Release */,
			);
			defaultConfigurationIsVisible = 0;
			defaultConfigurationName = Release;
		};
/* End XCConfigurationList section */
	};
	rootObject = 4036DAF4265FA7BA009ACC89 /* Project object */;
}
